
Microsoft Visual Studio Solution File, Format Version 12.00
# Visual Studio Version 17
VisualStudioVersion = 17.14.36717.8 d17.14
MinimumVisualStudioVersion = 10.0.40219.1
Project("{FAE04EC0-301F-11D3-BF4B-00C04F79EFBC}") = "TesztDoga_A", "TesztDoga_A\TesztDoga_A.csproj", "{AC13339A-1F5C-4EC9-AF43-59D401F33578}"
EndProject
Project("{FAE04EC0-301F-11D3-BF4B-00C04F79EFBC}") = "TesztDoga_ATests", "TesztDoga_ATests\TesztDoga_ATests.csproj", "{9E8DD2C5-F070-4AED-A3AE-6641826D7948}"
EndProject
Global
	GlobalSection(SolutionConfigurationPlatforms) = preSolution
		Debug|Any CPU = Debug|Any CPU
		Release|Any CPU = Release|Any CPU
	EndGlobalSection
	GlobalSection(ProjectConfigurationPlatforms) = postSolution
		{AC13339A-1F5C-4EC9-AF43-59D401F33578}.Debug|Any CPU.ActiveCfg = Debug|Any CPU
		{AC13339A-1F5C-4EC9-AF43-59D401F33578}.Debug|Any CPU.Build.0 = Debug|Any CPU
		{AC13339A-1F5C-4EC9-AF43-59D401F33578}.Release|Any CPU.ActiveCfg = Release|Any CPU
		{AC13339A-1F5C-4EC9-AF43-59D401F33578}.Release|Any CPU.Build.0 = Release|Any CPU
		{9E8DD2C5-F070-4AED-A3AE-6641826D7948}.Debug|Any CPU.ActiveCfg = Debug|Any CPU
		{9E8DD2C5-F070-4AED-A3AE-6641826D7948}.Debug|Any CPU.Build.0 = Debug|Any CPU
		{9E8DD2C5-F070-4AED-A3AE-6641826D7948}.Release|Any CPU.ActiveCfg = Release|Any CPU
		{9E8DD2C5-F070-4AED-A3AE-6641826D7948}.Release|Any CPU.Build.0 = Release|Any CPU
	EndGlobalSection
	GlobalSection(SolutionProperties) = preSolution
		HideSolutionNode = FALSE
	EndGlobalSection
	GlobalSection(ExtensibilityGlobals) = postSolution
		SolutionGuid = {0B5F3F93-A610-4432-98CB-1C540BC5E58E}
	EndGlobalSection
EndGlobal
