
Microsoft Visual Studio Solution File, Format Version 12.00
# Visual Studio Version 17
VisualStudioVersion = 17.14.36804.6 d17.14
MinimumVisualStudioVersion = 10.0.40219.1
Project("{FAE04EC0-301F-11D3-BF4B-00C04F79EFBC}") = "BalatonVizsga", "BalatonVizsga\BalatonVizsga.csproj", "{CC22EC50-4754-4F93-BD0E-F31507282916}"
EndProject
Project("{FAE04EC0-301F-11D3-BF4B-00C04F79EFBC}") = "BalatonVizsgaTests", "BalatonVizsgaTests\BalatonVizsgaTests.csproj", "{9CC49EA4-A7C2-44C4-9627-B53F873B72DC}"
EndProject
Project("{FAE04EC0-301F-11D3-BF4B-00C04F79EFBC}") = "BalatonWPF", "BalatonWPF\BalatonWPF.csproj", "{EC04AF58-CD4B-4F30-AEB9-D29272525478}"
EndProject
Global
	GlobalSection(SolutionConfigurationPlatforms) = preSolution
		Debug|Any CPU = Debug|Any CPU
		Release|Any CPU = Release|Any CPU
	EndGlobalSection
	GlobalSection(ProjectConfigurationPlatforms) = postSolution
		{CC22EC50-4754-4F93-BD0E-F31507282916}.Debug|Any CPU.ActiveCfg = Debug|Any CPU
		{CC22EC50-4754-4F93-BD0E-F31507282916}.Debug|Any CPU.Build.0 = Debug|Any CPU
		{CC22EC50-4754-4F93-BD0E-F31507282916}.Release|Any CPU.ActiveCfg = Release|Any CPU
		{CC22EC50-4754-4F93-BD0E-F31507282916}.Release|Any CPU.Build.0 = Release|Any CPU
		{9CC49EA4-A7C2-44C4-9627-B53F873B72DC}.Debug|Any CPU.ActiveCfg = Debug|Any CPU
		{9CC49EA4-A7C2-44C4-9627-B53F873B72DC}.Debug|Any CPU.Build.0 = Debug|Any CPU
		{9CC49EA4-A7C2-44C4-9627-B53F873B72DC}.Release|Any CPU.ActiveCfg = Release|Any CPU
		{9CC49EA4-A7C2-44C4-9627-B53F873B72DC}.Release|Any CPU.Build.0 = Release|Any CPU
		{EC04AF58-CD4B-4F30-AEB9-D29272525478}.Debug|Any CPU.ActiveCfg = Debug|Any CPU
		{EC04AF58-CD4B-4F30-AEB9-D29272525478}.Debug|Any CPU.Build.0 = Debug|Any CPU
		{EC04AF58-CD4B-4F30-AEB9-D29272525478}.Release|Any CPU.ActiveCfg = Release|Any CPU
		{EC04AF58-CD4B-4F30-AEB9-D29272525478}.Release|Any CPU.Build.0 = Release|Any CPU
	EndGlobalSection
	GlobalSection(SolutionProperties) = preSolution
		HideSolutionNode = FALSE
	EndGlobalSection
	GlobalSection(ExtensibilityGlobals) = postSolution
		SolutionGuid = {7FB9D235-3486-40B5-87EC-012816766289}
	EndGlobalSection
EndGlobal
